// !$*UTF8*$!
{
	archiveVersion = 1;
	classes = {
	};
	objectVersion = 50;
	objects = {

/* Begin PBXBuildFile section */
		04349CF8255C72D2000A96C3 /* Weather7Days.swift in Sources */ = {isa = PBXBuildFile; fileRef = 04349CF7255C72D2000A96C3 /* Weather7Days.swift */; };
		04579FA52559B0C100E656E0 /* LocationManager.swift in Sources */ = {isa = PBXBuildFile; fileRef = 04579FA42559B0C100E656E0 /* LocationManager.swift */; };
		04579FA82559D41900E656E0 /* Coordinate.swift in Sources */ = {isa = PBXBuildFile; fileRef = 04579FA72559D41900E656E0 /* Coordinate.swift */; };
		04579FAB2559D5A500E656E0 /* WeatherViewModel.swift in Sources */ = {isa = PBXBuildFile; fileRef = 04579FAA2559D5A500E656E0 /* WeatherViewModel.swift */; };
		04579FB02559D6A100E656E0 /* WeatherService.swift in Sources */ = {isa = PBXBuildFile; fileRef = 04579FAF2559D6A100E656E0 /* WeatherService.swift */; };
		04579FB42559E25200E656E0 /* WeatherData.swift in Sources */ = {isa = PBXBuildFile; fileRef = 04579FB32559E25200E656E0 /* WeatherData.swift */; };
		04FD4DD825595FDA00867DB4 /* Weather_AppApp.swift in Sources */ = {isa = PBXBuildFile; fileRef = 04FD4DD725595FDA00867DB4 /* Weather_AppApp.swift */; };
		04FD4DDA25595FDA00867DB4 /* ContentView.swift in Sources */ = {isa = PBXBuildFile; fileRef = 04FD4DD925595FDA00867DB4 /* ContentView.swift */; };
		04FD4DDC25595FDB00867DB4 /* Assets.xcassets in Resources */ = {isa = PBXBuildFile; fileRef = 04FD4DDB25595FDB00867DB4 /* Assets.xcassets */; };
		04FD4DDF25595FDB00867DB4 /* Preview Assets.xcassets in Resources */ = {isa = PBXBuildFile; fileRef = 04FD4DDE25595FDB00867DB4 /* Preview Assets.xcassets */; };
/* End PBXBuildFile section */

/* Begin PBXFileReference section */
		04349CF7255C72D2000A96C3 /* Weather7Days.swift */ = {isa = PBXFileReference; lastKnownFileType = sourcecode.swift; path = Weather7Days.swift; sourceTree = "<group>"; };
		04579FA42559B0C100E656E0 /* LocationManager.swift */ = {isa = PBXFileReference; lastKnownFileType = sourcecode.swift; path = LocationManager.swift; sourceTree = "<group>"; };
		04579FA72559D41900E656E0 /* Coordinate.swift */ = {isa = PBXFileReference; lastKnownFileType = sourcecode.swift; path = Coordinate.swift; sourceTree = "<group>"; };
		04579FAA2559D5A500E656E0 /* WeatherViewModel.swift */ = {isa = PBXFileReference; lastKnownFileType = sourcecode.swift; path = WeatherViewModel.swift; sourceTree = "<group>"; };
		04579FAF2559D6A100E656E0 /* WeatherService.swift */ = {isa = PBXFileReference; lastKnownFileType = sourcecode.swift; path = WeatherService.swift; sourceTree = "<group>"; };
		04579FB32559E25200E656E0 /* WeatherData.swift */ = {isa = PBXFileReference; lastKnownFileType = sourcecode.swift; path = WeatherData.swift; sourceTree = "<group>"; };
		04FD4DD425595FDA00867DB4 /* Weather-App.app */ = {isa = PBXFileReference; explicitFileType = wrapper.application; includeInIndex = 0; path = "Weather-App.app"; sourceTree = BUILT_PRODUCTS_DIR; };
		04FD4DD725595FDA00867DB4 /* Weather_AppApp.swift */ = {isa = PBXFileReference; lastKnownFileType = sourcecode.swift; path = Weather_AppApp.swift; sourceTree = "<group>"; };
		04FD4DD925595FDA00867DB4 /* ContentView.swift */ = {isa = PBXFileReference; lastKnownFileType = sourcecode.swift; path = ContentView.swift; sourceTree = "<group>"; };
		04FD4DDB25595FDB00867DB4 /* Assets.xcassets */ = {isa = PBXFileReference; lastKnownFileType = folder.assetcatalog; path = Assets.xcassets; sourceTree = "<group>"; };
		04FD4DDE25595FDB00867DB4 /* Preview Assets.xcassets */ = {isa = PBXFileReference; lastKnownFileType = folder.assetcatalog; path = "Preview Assets.xcassets"; sourceTree = "<group>"; };
		04FD4DE025595FDB00867DB4 /* Info.plist */ = {isa = PBXFileReference; lastKnownFileType = text.plist.xml; path = Info.plist; sourceTree = "<group>"; };
/* End PBXFileReference section */

/* Begin PBXFrameworksBuildPhase section */
		04FD4DD125595FDA00867DB4 /* Frameworks */ = {
			isa = PBXFrameworksBuildPhase;
			buildActionMask = 2147483647;
			files = (
			);
			runOnlyForDeploymentPostprocessing = 0;
		};
/* End PBXFrameworksBuildPhase section */

/* Begin PBXGroup section */
		0425E3752559898D009C76FD /* Services */ = {
			isa = PBXGroup;
			children = (
			);
			path = Services;
			sourceTree = "<group>";
		};
		04579FAE2559D5D600E656E0 /* Network */ = {
			isa = PBXGroup;
			children = (
				04579FAF2559D6A100E656E0 /* WeatherService.swift */,
			);
			path = Network;
			sourceTree = "<group>";
		};
		04FD4DCB25595FDA00867DB4 = {
			isa = PBXGroup;
			children = (
				04FD4DD625595FDA00867DB4 /* Weather-App */,
				04FD4DD525595FDA00867DB4 /* Products */,
			);
			sourceTree = "<group>";
		};
		04FD4DD525595FDA00867DB4 /* Products */ = {
			isa = PBXGroup;
			children = (
				04FD4DD425595FDA00867DB4 /* Weather-App.app */,
			);
			name = Products;
			sourceTree = "<group>";
		};
		04FD4DD625595FDA00867DB4 /* Weather-App */ = {
			isa = PBXGroup;
			children = (
				0425E3752559898D009C76FD /* Services */,
				04FD4DE92559602500867DB4 /* Views */,
				04FD4DE82559601400867DB4 /* ViewModels */,
				04FD4DE72559600B00867DB4 /* Models */,
				04579FAE2559D5D600E656E0 /* Network */,
				04FD4DDB25595FDB00867DB4 /* Assets.xcassets */,
				04FD4DE025595FDB00867DB4 /* Info.plist */,
				04FD4DDD25595FDB00867DB4 /* Preview Content */,
				04579FA42559B0C100E656E0 /* LocationManager.swift */,
			);
			path = "Weather-App";
			sourceTree = "<group>";
		};
		04FD4DDD25595FDB00867DB4 /* Preview Content */ = {
			isa = PBXGroup;
			children = (
				04FD4DDE25595FDB00867DB4 /* Preview Assets.xcassets */,
			);
			path = "Preview Content";
			sourceTree = "<group>";
		};
		04FD4DE72559600B00867DB4 /* Models */ = {
			isa = PBXGroup;
			children = (
				04579FA72559D41900E656E0 /* Coordinate.swift */,
				04579FB32559E25200E656E0 /* WeatherData.swift */,
			);
			path = Models;
			sourceTree = "<group>";
		};
		04FD4DE82559601400867DB4 /* ViewModels */ = {
			isa = PBXGroup;
			children = (
				04579FAA2559D5A500E656E0 /* WeatherViewModel.swift */,
			);
			path = ViewModels;
			sourceTree = "<group>";
		};
		04FD4DE92559602500867DB4 /* Views */ = {
			isa = PBXGroup;
			children = (
				04FD4DEA2559603700867DB4 /* Main */,
				04FD4DD925595FDA00867DB4 /* ContentView.swift */,
				04349CF7255C72D2000A96C3 /* Weather7Days.swift */,
			);
			path = Views;
			sourceTree = "<group>";
		};
		04FD4DEA2559603700867DB4 /* Main */ = {
			isa = PBXGroup;
			children = (
				04FD4DD725595FDA00867DB4 /* Weather_AppApp.swift */,
			);
			path = Main;
			sourceTree = "<group>";
		};
/* End PBXGroup section */

/* Begin PBXNativeTarget section */
		04FD4DD325595FDA00867DB4 /* Weather-App */ = {
			isa = PBXNativeTarget;
			buildConfigurationList = 04FD4DE325595FDB00867DB4 /* Build configuration list for PBXNativeTarget "Weather-App" */;
			buildPhases = (
				04FD4DD025595FDA00867DB4 /* Sources */,
				04FD4DD125595FDA00867DB4 /* Frameworks */,
				04FD4DD225595FDA00867DB4 /* Resources */,
			);
			buildRules = (
			);
			dependencies = (
			);
			name = "Weather-App";
			productName = "Weather-App";
			productReference = 04FD4DD425595FDA00867DB4 /* Weather-App.app */;
			productType = "com.apple.product-type.application";
		};
/* End PBXNativeTarget section */

/* Begin PBXProject section */
		04FD4DCC25595FDA00867DB4 /* Project object */ = {
			isa = PBXProject;
			attributes = {
				LastSwiftUpdateCheck = 1200;
				LastUpgradeCheck = 1200;
				TargetAttributes = {
					04FD4DD325595FDA00867DB4 = {
						CreatedOnToolsVersion = 12.0.1;
					};
				};
			};
			buildConfigurationList = 04FD4DCF25595FDA00867DB4 /* Build configuration list for PBXProject "Weather-App" */;
			compatibilityVersion = "Xcode 9.3";
			developmentRegion = en;
			hasScannedForEncodings = 0;
			knownRegions = (
				en,
				Base,
			);
			mainGroup = 04FD4DCB25595FDA00867DB4;
			productRefGroup = 04FD4DD525595FDA00867DB4 /* Products */;
			projectDirPath = "";
			projectRoot = "";
			targets = (
				04FD4DD325595FDA00867DB4 /* Weather-App */,
			);
		};
/* End PBXProject section */

/* Begin PBXResourcesBuildPhase section */
		04FD4DD225595FDA00867DB4 /* Resources */ = {
			isa = PBXResourcesBuildPhase;
			buildActionMask = 2147483647;
			files = (
				04FD4DDF25595FDB00867DB4 /* Preview Assets.xcassets in Resources */,
				04FD4DDC25595FDB00867DB4 /* Assets.xcassets in Resources */,
			);
			runOnlyForDeploymentPostprocessing = 0;
		};
/* End PBXResourcesBuildPhase section */

/* Begin PBXSourcesBuildPhase section */
		04FD4DD025595FDA00867DB4 /* Sources */ = {
			isa = PBXSourcesBuildPhase;
			buildActionMask = 2147483647;
			files = (
				04579FAB2559D5A500E656E0 /* WeatherViewModel.swift in Sources */,
				04FD4DDA25595FDA00867DB4 /* ContentView.swift in Sources */,
				04FD4DD825595FDA00867DB4 /* Weather_AppApp.swift in Sources */,
				04579FA52559B0C100E656E0 /* LocationManager.swift in Sources */,
				04579FB02559D6A100E656E0 /* WeatherService.swift in Sources */,
				04349CF8255C72D2000A96C3 /* Weather7Days.swift in Sources */,
				04579FA82559D41900E656E0 /* Coordinate.swift in Sources */,
				04579FB42559E25200E656E0 /* WeatherData.swift in Sources */,
			);
			runOnlyForDeploymentPostprocessing = 0;
		};
/* End PBXSourcesBuildPhase section */

/* Begin XCBuildConfiguration section */
		04FD4DE125595FDB00867DB4 /* Debug */ = {
			isa = XCBuildConfiguration;
			buildSettings = {
				ALWAYS_SEARCH_USER_PATHS = NO;
				CLANG_ANALYZER_NONNULL = YES;
				CLANG_ANALYZER_NUMBER_OBJECT_CONVERSION = YES_AGGRESSIVE;
				CLANG_CXX_LANGUAGE_STANDARD = "gnu++14";
				CLANG_CXX_LIBRARY = "libc++";
				CLANG_ENABLE_MODULES = YES;
				CLANG_ENABLE_OBJC_ARC = YES;
				CLANG_ENABLE_OBJC_WEAK = YES;
				CLANG_WARN_BLOCK_CAPTURE_AUTORELEASING = YES;
				CLANG_WARN_BOOL_CONVERSION = YES;
				CLANG_WARN_COMMA = YES;
				CLANG_WARN_CONSTANT_CONVERSION = YES;
				CLANG_WARN_DEPRECATED_OBJC_IMPLEMENTATIONS = YES;
				CLANG_WARN_DIRECT_OBJC_ISA_USAGE = YES_ERROR;
				CLANG_WARN_DOCUMENTATION_COMMENTS = YES;
				CLANG_WARN_EMPTY_BODY = YES;
				CLANG_WARN_ENUM_CONVERSION = YES;
				CLANG_WARN_INFINITE_RECURSION = YES;
				CLANG_WARN_INT_CONVERSION = YES;
				CLANG_WARN_NON_LITERAL_NULL_CONVERSION = YES;
				CLANG_WARN_OBJC_IMPLICIT_RETAIN_SELF = YES;
				CLANG_WARN_OBJC_LITERAL_CONVERSION = YES;
				CLANG_WARN_OBJC_ROOT_CLASS = YES_ERROR;
				CLANG_WARN_QUOTED_INCLUDE_IN_FRAMEWORK_HEADER = YES;
				CLANG_WARN_RANGE_LOOP_ANALYSIS = YES;
				CLANG_WARN_STRICT_PROTOTYPES = YES;
				CLANG_WARN_SUSPICIOUS_MOVE = YES;
				CLANG_WARN_UNGUARDED_AVAILABILITY = YES_AGGRESSIVE;
				CLANG_WARN_UNREACHABLE_CODE = YES;
				CLANG_WARN__DUPLICATE_METHOD_MATCH = YES;
				COPY_PHASE_STRIP = NO;
				DEBUG_INFORMATION_FORMAT = dwarf;
				ENABLE_STRICT_OBJC_MSGSEND = YES;
				ENABLE_TESTABILITY = YES;
				GCC_C_LANGUAGE_STANDARD = gnu11;
				GCC_DYNAMIC_NO_PIC = NO;
				GCC_NO_COMMON_BLOCKS = YES;
				GCC_OPTIMIZATION_LEVEL = 0;
				GCC_PREPROCESSOR_DEFINITIONS = (
					"DEBUG=1",
					"$(inherited)",
				);
				GCC_WARN_64_TO_32_BIT_CONVERSION = YES;
				GCC_WARN_ABOUT_RETURN_TYPE = YES_ERROR;
				GCC_WARN_UNDECLARED_SELECTOR = YES;
				GCC_WARN_UNINITIALIZED_AUTOS = YES_AGGRESSIVE;
				GCC_WARN_UNUSED_FUNCTION = YES;
				GCC_WARN_UNUSED_VARIABLE = YES;
				IPHONEOS_DEPLOYMENT_TARGET = 14.0;
				MTL_ENABLE_DEBUG_INFO = INCLUDE_SOURCE;
				MTL_FAST_MATH = YES;
				ONLY_ACTIVE_ARCH = YES;
				SDKROOT = iphoneos;
				SWIFT_ACTIVE_COMPILATION_CONDITIONS = DEBUG;
				SWIFT_OPTIMIZATION_LEVEL = "-Onone";
			};
			name = Debug;
		};
		04FD4DE225595FDB00867DB4 /* Release */ = {
			isa = XCBuildConfiguration;
			buildSettings = {
				ALWAYS_SEARCH_USER_PATHS = NO;
				CLANG_ANALYZER_NONNULL = YES;
				CLANG_ANALYZER_NUMBER_OBJECT_CONVERSION = YES_AGGRESSIVE;
				CLANG_CXX_LANGUAGE_STANDARD = "gnu++14";
				CLANG_CXX_LIBRARY = "libc++";
				CLANG_ENABLE_MODULES = YES;
				CLANG_ENABLE_OBJC_ARC = YES;
				CLANG_ENABLE_OBJC_WEAK = YES;
				CLANG_WARN_BLOCK_CAPTURE_AUTORELEASING = YES;
				CLANG_WARN_BOOL_CONVERSION = YES;
				CLANG_WARN_COMMA = YES;
				CLANG_WARN_CONSTANT_CONVERSION = YES;
				CLANG_WARN_DEPRECATED_OBJC_IMPLEMENTATIONS = YES;
				CLANG_WARN_DIRECT_OBJC_ISA_USAGE = YES_ERROR;
				CLANG_WARN_DOCUMENTATION_COMMENTS = YES;
				CLANG_WARN_EMPTY_BODY = YES;
				CLANG_WARN_ENUM_CONVERSION = YES;
				CLANG_WARN_INFINITE_RECURSION = YES;
				CLANG_WARN_INT_CONVERSION = YES;
				CLANG_WARN_NON_LITERAL_NULL_CONVERSION = YES;
				CLANG_WARN_OBJC_IMPLICIT_RETAIN_SELF = YES;
				CLANG_WARN_OBJC_LITERAL_CONVERSION = YES;
				CLANG_WARN_OBJC_ROOT_CLASS = YES_ERROR;
				CLANG_WARN_QUOTED_INCLUDE_IN_FRAMEWORK_HEADER = YES;
				CLANG_WARN_RANGE_LOOP_ANALYSIS = YES;
				CLANG_WARN_STRICT_PROTOTYPES = YES;
				CLANG_WARN_SUSPICIOUS_MOVE = YES;
				CLANG_WARN_UNGUARDED_AVAILABILITY = YES_AGGRESSIVE;
				CLANG_WARN_UNREACHABLE_CODE = YES;
				CLANG_WARN__DUPLICATE_METHOD_MATCH = YES;
				COPY_PHASE_STRIP = NO;
				DEBUG_INFORMATION_FORMAT = "dwarf-with-dsym";
				ENABLE_NS_ASSERTIONS = NO;
				ENABLE_STRICT_OBJC_MSGSEND = YES;
				GCC_C_LANGUAGE_STANDARD = gnu11;
				GCC_NO_COMMON_BLOCKS = YES;
				GCC_WARN_64_TO_32_BIT_CONVERSION = YES;
				GCC_WARN_ABOUT_RETURN_TYPE = YES_ERROR;
				GCC_WARN_UNDECLARED_SELECTOR = YES;
				GCC_WARN_UNINITIALIZED_AUTOS = YES_AGGRESSIVE;
				GCC_WARN_UNUSED_FUNCTION = YES;
				GCC_WARN_UNUSED_VARIABLE = YES;
				IPHONEOS_DEPLOYMENT_TARGET = 14.0;
				MTL_ENABLE_DEBUG_INFO = NO;
				MTL_FAST_MATH = YES;
				SDKROOT = iphoneos;
				SWIFT_COMPILATION_MODE = wholemodule;
				SWIFT_OPTIMIZATION_LEVEL = "-O";
				VALIDATE_PRODUCT = YES;
			};
			name = Release;
		};
		04FD4DE425595FDB00867DB4 /* Debug */ = {
			isa = XCBuildConfiguration;
			buildSettings = {
				ASSETCATALOG_COMPILER_APPICON_NAME = AppIcon;
				ASSETCATALOG_COMPILER_GLOBAL_ACCENT_COLOR_NAME = AccentColor;
				CODE_SIGN_STYLE = Automatic;
				DEVELOPMENT_ASSET_PATHS = "\"Weather-App/Preview Content\"";
				ENABLE_PREVIEWS = YES;
				INFOPLIST_FILE = "Weather-App/Info.plist";
				IPHONEOS_DEPLOYMENT_TARGET = 14.0;
				LD_RUNPATH_SEARCH_PATHS = (
					"$(inherited)",
					"@executable_path/Frameworks",
				);
				PRODUCT_BUNDLE_IDENTIFIER = "com.anilsakar.Weather-App";
				PRODUCT_NAME = "$(TARGET_NAME)";
				SWIFT_VERSION = 5.0;
				TARGETED_DEVICE_FAMILY = "1,2";
			};
			name = Debug;
		};
		04FD4DE525595FDB00867DB4 /* Release */ = {
			isa = XCBuildConfiguration;
			buildSettings = {
				ASSETCATALOG_COMPILER_APPICON_NAME = AppIcon;
				ASSETCATALOG_COMPILER_GLOBAL_ACCENT_COLOR_NAME = AccentColor;
				CODE_SIGN_STYLE = Automatic;
				DEVELOPMENT_ASSET_PATHS = "\"Weather-App/Preview Content\"";
				ENABLE_PREVIEWS = YES;
				INFOPLIST_FILE = "Weather-App/Info.plist";
				IPHONEOS_DEPLOYMENT_TARGET = 14.0;
				LD_RUNPATH_SEARCH_PATHS = (
					"$(inherited)",
					"@executable_path/Frameworks",
				);
				PRODUCT_BUNDLE_IDENTIFIER = "com.anilsakar.Weather-App";
				PRODUCT_NAME = "$(TARGET_NAME)";
				SWIFT_VERSION = 5.0;
				TARGETED_DEVICE_FAMILY = "1,2";
			};
			name = Release;
		};
/* End XCBuildConfiguration section */

/* Begin XCConfigurationList section */
		04FD4DCF25595FDA00867DB4 /* Build configuration list for PBXProject "Weather-App" */ = {
			isa = XCConfigurationList;
			buildConfigurations = (
				04FD4DE125595FDB00867DB4 /* Debug */,
				04FD4DE225595FDB00867DB4 /* Release */,
			);
			defaultConfigurationIsVisible = 0;
			defaultConfigurationName = Release;
		};
		04FD4DE325595FDB00867DB4 /* Build configuration list for PBXNativeTarget "Weather-App" */ = {
			isa = XCConfigurationList;
			buildConfigurations = (
				04FD4DE425595FDB00867DB4 /* Debug */,
				04FD4DE525595FDB00867DB4 /* Release */,
			);
			defaultConfigurationIsVisible = 0;
			defaultConfigurationName = Release;
		};
/* End XCConfigurationList section */
	};
	rootObject = 04FD4DCC25595FDA00867DB4 /* Project object */;
}
